
Microsoft Visual Studio Solution File, Format Version 12.00
# Visual Studio 15
Project("{FAE04EC0-301F-11D3-BF4B-00C04F79EFBC}") = "Assembly-CSharp", "Assembly-CSharp.csproj", "{A66840CB-9068-BF4A-AC1B-B1E427865BF3}"
EndProject
Project("{FAE04EC0-301F-11D3-BF4B-00C04F79EFBC}") = "Assembly-CSharp-firstpass", "Assembly-CSharp-firstpass.csproj", "{B087FC02-EEAE-037C-8567-835124C9144C}"
EndProject
Project("{FAE04EC0-301F-11D3-BF4B-00C04F79EFBC}") = "Assembly-CSharp-Editor-firstpass", "Assembly-CSharp-Editor-firstpass.csproj", "{0CDE731A-13DA-BD34-B688-0CF829364099}"
EndProject
Global
	GlobalSection(SolutionConfigurationPlatforms) = preSolution
		Debug|Any CPU = Debug|Any CPU
		Release|Any CPU = Release|Any CPU
	EndGlobalSection
	GlobalSection(ProjectConfigurationPlatforms) = postSolution
		{A66840CB-9068-BF4A-AC1B-B1E427865BF3}.Debug|Any CPU.ActiveCfg = Debug|Any CPU
		{A66840CB-9068-BF4A-AC1B-B1E427865BF3}.Debug|Any CPU.Build.0 = Debug|Any CPU
		{A66840CB-9068-BF4A-AC1B-B1E427865BF3}.Release|Any CPU.ActiveCfg = Release|Any CPU
		{A66840CB-9068-BF4A-AC1B-B1E427865BF3}.Release|Any CPU.Build.0 = Release|Any CPU
		{B087FC02-EEAE-037C-8567-835124C9144C}.Debug|Any CPU.ActiveCfg = Debug|Any CPU
		{B087FC02-EEAE-037C-8567-835124C9144C}.Debug|Any CPU.Build.0 = Debug|Any CPU
		{B087FC02-EEAE-037C-8567-835124C9144C}.Release|Any CPU.ActiveCfg = Release|Any CPU
		{B087FC02-EEAE-037C-8567-835124C9144C}.Release|Any CPU.Build.0 = Release|Any CPU
		{0CDE731A-13DA-BD34-B688-0CF829364099}.Debug|Any CPU.ActiveCfg = Debug|Any CPU
		{0CDE731A-13DA-BD34-B688-0CF829364099}.Debug|Any CPU.Build.0 = Debug|Any CPU
		{0CDE731A-13DA-BD34-B688-0CF829364099}.Release|Any CPU.ActiveCfg = Release|Any CPU
		{0CDE731A-13DA-BD34-B688-0CF829364099}.Release|Any CPU.Build.0 = Release|Any CPU
	EndGlobalSection
	GlobalSection(SolutionProperties) = preSolution
		HideSolutionNode = FALSE
	EndGlobalSection
EndGlobal
